// !$*UTF8*$!
{
	archiveVersion = 1;
	classes = {
	};
	objectVersion = 48;
	objects = {

/* Begin PBXBuildFile section */
		04EFFEA5204E805A008451AE /* AppDelegate.swift in Sources */ = {isa = PBXBuildFile; fileRef = 04EFFEA4204E805A008451AE /* AppDelegate.swift */; };
		04EFFEA7204E805A008451AE /* ViewController.swift in Sources */ = {isa = PBXBuildFile; fileRef = 04EFFEA6204E805A008451AE /* ViewController.swift */; };
		04EFFEAA204E805A008451AE /* Main.storyboard in Resources */ = {isa = PBXBuildFile; fileRef = 04EFFEA8204E805A008451AE /* Main.storyboard */; };
		04EFFEAD204E805A008451AE /* DemoCoreData.xcdatamodeld in Sources */ = {isa = PBXBuildFile; fileRef = 04EFFEAB204E805A008451AE /* DemoCoreData.xcdatamodeld */; };
		04EFFEAF204E805A008451AE /* Assets.xcassets in Resources */ = {isa = PBXBuildFile; fileRef = 04EFFEAE204E805A008451AE /* Assets.xcassets */; };
		04EFFEB2204E805A008451AE /* LaunchScreen.storyboard in Resources */ = {isa = PBXBuildFile; fileRef = 04EFFEB0204E805A008451AE /* LaunchScreen.storyboard */; };
		04EFFEBB204E9292008451AE /* User+CoreDataClass.swift in Sources */ = {isa = PBXBuildFile; fileRef = 04EFFEB9204E9292008451AE /* User+CoreDataClass.swift */; };
		04EFFEBC204E9292008451AE /* User+CoreDataProperties.swift in Sources */ = {isa = PBXBuildFile; fileRef = 04EFFEBA204E9292008451AE /* User+CoreDataProperties.swift */; };
		04EFFEBE204EA764008451AE /* TableViewCell.swift in Sources */ = {isa = PBXBuildFile; fileRef = 04EFFEBD204EA764008451AE /* TableViewCell.swift */; };
/* End PBXBuildFile section */

/* Begin PBXFileReference section */
		04EFFEA1204E805A008451AE /* DemoCoreData.app */ = {isa = PBXFileReference; explicitFileType = wrapper.application; includeInIndex = 0; path = DemoCoreData.app; sourceTree = BUILT_PRODUCTS_DIR; };
		04EFFEA4204E805A008451AE /* AppDelegate.swift */ = {isa = PBXFileReference; lastKnownFileType = sourcecode.swift; path = AppDelegate.swift; sourceTree = "<group>"; };
		04EFFEA6204E805A008451AE /* ViewController.swift */ = {isa = PBXFileReference; lastKnownFileType = sourcecode.swift; path = ViewController.swift; sourceTree = "<group>"; };
		04EFFEA9204E805A008451AE /* Base */ = {isa = PBXFileReference; lastKnownFileType = file.storyboard; name = Base; path = Base.lproj/Main.storyboard; sourceTree = "<group>"; };
		04EFFEAC204E805A008451AE /* DemoCoreData.xcdatamodel */ = {isa = PBXFileReference; lastKnownFileType = wrapper.xcdatamodel; path = DemoCoreData.xcdatamodel; sourceTree = "<group>"; };
		04EFFEAE204E805A008451AE /* Assets.xcassets */ = {isa = PBXFileReference; lastKnownFileType = folder.assetcatalog; path = Assets.xcassets; sourceTree = "<group>"; };
		04EFFEB1204E805A008451AE /* Base */ = {isa = PBXFileReference; lastKnownFileType = file.storyboard; name = Base; path = Base.lproj/LaunchScreen.storyboard; sourceTree = "<group>"; };
		04EFFEB3204E805A008451AE /* Info.plist */ = {isa = PBXFileReference; lastKnownFileType = text.plist.xml; path = Info.plist; sourceTree = "<group>"; };
		04EFFEB9204E9292008451AE /* User+CoreDataClass.swift */ = {isa = PBXFileReference; lastKnownFileType = sourcecode.swift; path = "User+CoreDataClass.swift"; sourceTree = "<group>"; };
		04EFFEBA204E9292008451AE /* User+CoreDataProperties.swift */ = {isa = PBXFileReference; lastKnownFileType = sourcecode.swift; path = "User+CoreDataProperties.swift"; sourceTree = "<group>"; };
		04EFFEBD204EA764008451AE /* TableViewCell.swift */ = {isa = PBXFileReference; lastKnownFileType = sourcecode.swift; path = TableViewCell.swift; sourceTree = "<group>"; };
/* End PBXFileReference section */

/* Begin PBXFrameworksBuildPhase section */
		04EFFE9E204E805A008451AE /* Frameworks */ = {
			isa = PBXFrameworksBuildPhase;
			buildActionMask = 2147483647;
			files = (
			);
			runOnlyForDeploymentPostprocessing = 0;
		};
/* End PBXFrameworksBuildPhase section */

/* Begin PBXGroup section */
		04EFFE98204E805A008451AE = {
			isa = PBXGroup;
			children = (
				04EFFEA3204E805A008451AE /* DemoCoreData */,
				04EFFEA2204E805A008451AE /* Products */,
			);
			sourceTree = "<group>";
		};
		04EFFEA2204E805A008451AE /* Products */ = {
			isa = PBXGroup;
			children = (
				04EFFEA1204E805A008451AE /* DemoCoreData.app */,
			);
			name = Products;
			sourceTree = "<group>";
		};
		04EFFEA3204E805A008451AE /* DemoCoreData */ = {
			isa = PBXGroup;
			children = (
				04EFFEB9204E9292008451AE /* User+CoreDataClass.swift */,
				04EFFEBA204E9292008451AE /* User+CoreDataProperties.swift */,
				04EFFEA4204E805A008451AE /* AppDelegate.swift */,
				04EFFEA6204E805A008451AE /* ViewController.swift */,
				04EFFEA8204E805A008451AE /* Main.storyboard */,
				04EFFEBD204EA764008451AE /* TableViewCell.swift */,
				04EFFEAE204E805A008451AE /* Assets.xcassets */,
				04EFFEB0204E805A008451AE /* LaunchScreen.storyboard */,
				04EFFEB3204E805A008451AE /* Info.plist */,
				04EFFEAB204E805A008451AE /* DemoCoreData.xcdatamodeld */,
			);
			path = DemoCoreData;
			sourceTree = "<group>";
		};
/* End PBXGroup section */

/* Begin PBXNativeTarget section */
		04EFFEA0204E805A008451AE /* DemoCoreData */ = {
			isa = PBXNativeTarget;
			buildConfigurationList = 04EFFEB6204E805A008451AE /* Build configuration list for PBXNativeTarget "DemoCoreData" */;
			buildPhases = (
				04EFFE9D204E805A008451AE /* Sources */,
				04EFFE9E204E805A008451AE /* Frameworks */,
				04EFFE9F204E805A008451AE /* Resources */,
			);
			buildRules = (
			);
			dependencies = (
			);
			name = DemoCoreData;
			productName = DemoCoreData;
			productReference = 04EFFEA1204E805A008451AE /* DemoCoreData.app */;
			productType = "com.apple.product-type.application";
		};
/* End PBXNativeTarget section */

/* Begin PBXProject section */
		04EFFE99204E805A008451AE /* Project object */ = {
			isa = PBXProject;
			attributes = {
				LastSwiftUpdateCheck = 0920;
				LastUpgradeCheck = 0920;
				ORGANIZATIONNAME = Appinventiv;
				TargetAttributes = {
					04EFFEA0204E805A008451AE = {
						CreatedOnToolsVersion = 9.2;
						ProvisioningStyle = Manual;
					};
				};
			};
			buildConfigurationList = 04EFFE9C204E805A008451AE /* Build configuration list for PBXProject "DemoCoreData" */;
			compatibilityVersion = "Xcode 8.0";
			developmentRegion = en;
			hasScannedForEncodings = 0;
			knownRegions = (
				en,
				Base,
			);
			mainGroup = 04EFFE98204E805A008451AE;
			productRefGroup = 04EFFEA2204E805A008451AE /* Products */;
			projectDirPath = "";
			projectRoot = "";
			targets = (
				04EFFEA0204E805A008451AE /* DemoCoreData */,
			);
		};
/* End PBXProject section */

/* Begin PBXResourcesBuildPhase section */
		04EFFE9F204E805A008451AE /* Resources */ = {
			isa = PBXResourcesBuildPhase;
			buildActionMask = 2147483647;
			files = (
				04EFFEB2204E805A008451AE /* LaunchScreen.storyboard in Resources */,
				04EFFEAF204E805A008451AE /* Assets.xcassets in Resources */,
				04EFFEAA204E805A008451AE /* Main.storyboard in Resources */,
			);
			runOnlyForDeploymentPostprocessing = 0;
		};
/* End PBXResourcesBuildPhase section */

/* Begin PBXSourcesBuildPhase section */
		04EFFE9D204E805A008451AE /* Sources */ = {
			isa = PBXSourcesBuildPhase;
			buildActionMask = 2147483647;
			files = (
				04EFFEA7204E805A008451AE /* ViewController.swift in Sources */,
				04EFFEAD204E805A008451AE /* DemoCoreData.xcdatamodeld in Sources */,
				04EFFEBB204E9292008451AE /* User+CoreDataClass.swift in Sources */,
				04EFFEBE204EA764008451AE /* TableViewCell.swift in Sources */,
				04EFFEBC204E9292008451AE /* User+CoreDataProperties.swift in Sources */,
				04EFFEA5204E805A008451AE /* AppDelegate.swift in Sources */,
			);
			runOnlyForDeploymentPostprocessing = 0;
		};
/* End PBXSourcesBuildPhase section */

/* Begin PBXVariantGroup section */
		04EFFEA8204E805A008451AE /* Main.storyboard */ = {
			isa = PBXVariantGroup;
			children = (
				04EFFEA9204E805A008451AE /* Base */,
			);
			name = Main.storyboard;
			sourceTree = "<group>";
		};
		04EFFEB0204E805A008451AE /* LaunchScreen.storyboard */ = {
			isa = PBXVariantGroup;
			children = (
				04EFFEB1204E805A008451AE /* Base */,
			);
			name = LaunchScreen.storyboard;
			sourceTree = "<group>";
		};
/* End PBXVariantGroup section */

/* Begin XCBuildConfiguration section */
		04EFFEB4204E805A008451AE /* Debug */ = {
			isa = XCBuildConfiguration;
			buildSettings = {
				ALWAYS_SEARCH_USER_PATHS = NO;
				CLANG_ANALYZER_NONNULL = YES;
				CLANG_ANALYZER_NUMBER_OBJECT_CONVERSION = YES_AGGRESSIVE;
				CLANG_CXX_LANGUAGE_STANDARD = "gnu++14";
				CLANG_CXX_LIBRARY = "libc++";
				CLANG_ENABLE_MODULES = YES;
				CLANG_ENABLE_OBJC_ARC = YES;
				CLANG_WARN_BLOCK_CAPTURE_AUTORELEASING = YES;
				CLANG_WARN_BOOL_CONVERSION = YES;
				CLANG_WARN_COMMA = YES;
				CLANG_WARN_CONSTANT_CONVERSION = YES;
				CLANG_WARN_DIRECT_OBJC_ISA_USAGE = YES_ERROR;
				CLANG_WARN_DOCUMENTATION_COMMENTS = YES;
				CLANG_WARN_EMPTY_BODY = YES;
				CLANG_WARN_ENUM_CONVERSION = YES;
				CLANG_WARN_INFINITE_RECURSION = YES;
				CLANG_WARN_INT_CONVERSION = YES;
				CLANG_WARN_NON_LITERAL_NULL_CONVERSION = YES;
				CLANG_WARN_OBJC_LITERAL_CONVERSION = YES;
				CLANG_WARN_OBJC_ROOT_CLASS = YES_ERROR;
				CLANG_WARN_RANGE_LOOP_ANALYSIS = YES;
				CLANG_WARN_STRICT_PROTOTYPES = YES;
				CLANG_WARN_SUSPICIOUS_MOVE = YES;
				CLANG_WARN_UNGUARDED_AVAILABILITY = YES_AGGRESSIVE;
				CLANG_WARN_UNREACHABLE_CODE = YES;
				CLANG_WARN__DUPLICATE_METHOD_MATCH = YES;
				CODE_SIGN_IDENTITY = "iPhone Developer";
				COPY_PHASE_STRIP = NO;
				DEBUG_INFORMATION_FORMAT = dwarf;
				ENABLE_STRICT_OBJC_MSGSEND = YES;
				ENABLE_TESTABILITY = YES;
				GCC_C_LANGUAGE_STANDARD = gnu11;
				GCC_DYNAMIC_NO_PIC = NO;
				GCC_NO_COMMON_BLOCKS = YES;
				GCC_OPTIMIZATION_LEVEL = 0;
				GCC_PREPROCESSOR_DEFINITIONS = (
					"DEBUG=1",
					"$(inherited)",
				);
				GCC_WARN_64_TO_32_BIT_CONVERSION = YES;
				GCC_WARN_ABOUT_RETURN_TYPE = YES_ERROR;
				GCC_WARN_UNDECLARED_SELECTOR = YES;
				GCC_WARN_UNINITIALIZED_AUTOS = YES_AGGRESSIVE;
				GCC_WARN_UNUSED_FUNCTION = YES;
				GCC_WARN_UNUSED_VARIABLE = YES;
				IPHONEOS_DEPLOYMENT_TARGET = 11.2;
				MTL_ENABLE_DEBUG_INFO = YES;
				ONLY_ACTIVE_ARCH = YES;
				SDKROOT = iphoneos;
				SWIFT_ACTIVE_COMPILATION_CONDITIONS = DEBUG;
				SWIFT_OPTIMIZATION_LEVEL = "-Onone";
			};
			name = Debug;
		};
		04EFFEB5204E805A008451AE /* Release */ = {
			isa = XCBuildConfiguration;
			buildSettings = {
				ALWAYS_SEARCH_USER_PATHS = NO;
				CLANG_ANALYZER_NONNULL = YES;
				CLANG_ANALYZER_NUMBER_OBJECT_CONVERSION = YES_AGGRESSIVE;
				CLANG_CXX_LANGUAGE_STANDARD = "gnu++14";
				CLANG_CXX_LIBRARY = "libc++";
				CLANG_ENABLE_MODULES = YES;
				CLANG_ENABLE_OBJC_ARC = YES;
				CLANG_WARN_BLOCK_CAPTURE_AUTORELEASING = YES;
				CLANG_WARN_BOOL_CONVERSION = YES;
				CLANG_WARN_COMMA = YES;
				CLANG_WARN_CONSTANT_CONVERSION = YES;
				CLANG_WARN_DIRECT_OBJC_ISA_USAGE = YES_ERROR;
				CLANG_WARN_DOCUMENTATION_COMMENTS = YES;
				CLANG_WARN_EMPTY_BODY = YES;
				CLANG_WARN_ENUM_CONVERSION = YES;
				CLANG_WARN_INFINITE_RECURSION = YES;
				CLANG_WARN_INT_CONVERSION = YES;
				CLANG_WARN_NON_LITERAL_NULL_CONVERSION = YES;
				CLANG_WARN_OBJC_LITERAL_CONVERSION = YES;
				CLANG_WARN_OBJC_ROOT_CLASS = YES_ERROR;
				CLANG_WARN_RANGE_LOOP_ANALYSIS = YES;
				CLANG_WARN_STRICT_PROTOTYPES = YES;
				CLANG_WARN_SUSPICIOUS_MOVE = YES;
				CLANG_WARN_UNGUARDED_AVAILABILITY = YES_AGGRESSIVE;
				CLANG_WARN_UNREACHABLE_CODE = YES;
				CLANG_WARN__DUPLICATE_METHOD_MATCH = YES;
				CODE_SIGN_IDENTITY = "iPhone Developer";
				COPY_PHASE_STRIP = NO;
				DEBUG_INFORMATION_FORMAT = "dwarf-with-dsym";
				ENABLE_NS_ASSERTIONS = NO;
				ENABLE_STRICT_OBJC_MSGSEND = YES;
				GCC_C_LANGUAGE_STANDARD = gnu11;
				GCC_NO_COMMON_BLOCKS = YES;
				GCC_WARN_64_TO_32_BIT_CONVERSION = YES;
				GCC_WARN_ABOUT_RETURN_TYPE = YES_ERROR;
				GCC_WARN_UNDECLARED_SELECTOR = YES;
				GCC_WARN_UNINITIALIZED_AUTOS = YES_AGGRESSIVE;
				GCC_WARN_UNUSED_FUNCTION = YES;
				GCC_WARN_UNUSED_VARIABLE = YES;
				IPHONEOS_DEPLOYMENT_TARGET = 11.2;
				MTL_ENABLE_DEBUG_INFO = NO;
				SDKROOT = iphoneos;
				SWIFT_OPTIMIZATION_LEVEL = "-Owholemodule";
				VALIDATE_PRODUCT = YES;
			};
			name = Release;
		};
		04EFFEB7204E805A008451AE /* Debug */ = {
			isa = XCBuildConfiguration;
			buildSettings = {
				ASSETCATALOG_COMPILER_APPICON_NAME = AppIcon;
				CODE_SIGN_STYLE = Manual;
				DEVELOPMENT_TEAM = "";
				INFOPLIST_FILE = DemoCoreData/Info.plist;
				LD_RUNPATH_SEARCH_PATHS = "$(inherited) @executable_path/Frameworks";
				PRODUCT_BUNDLE_IDENTIFIER = Appinventiv.DemoCoreData;
				PRODUCT_NAME = "$(TARGET_NAME)";
				PROVISIONING_PROFILE_SPECIFIER = "";
				SWIFT_VERSION = 4.0;
				TARGETED_DEVICE_FAMILY = "1,2";
			};
			name = Debug;
		};
		04EFFEB8204E805A008451AE /* Release */ = {
			isa = XCBuildConfiguration;
			buildSettings = {
				ASSETCATALOG_COMPILER_APPICON_NAME = AppIcon;
				CODE_SIGN_STYLE = Manual;
				DEVELOPMENT_TEAM = "";
				INFOPLIST_FILE = DemoCoreData/Info.plist;
				LD_RUNPATH_SEARCH_PATHS = "$(inherited) @executable_path/Frameworks";
				PRODUCT_BUNDLE_IDENTIFIER = Appinventiv.DemoCoreData;
				PRODUCT_NAME = "$(TARGET_NAME)";
				PROVISIONING_PROFILE_SPECIFIER = "";
				SWIFT_VERSION = 4.0;
				TARGETED_DEVICE_FAMILY = "1,2";
			};
			name = Release;
		};
/* End XCBuildConfiguration section */

/* Begin XCConfigurationList section */
		04EFFE9C204E805A008451AE /* Build configuration list for PBXProject "DemoCoreData" */ = {
			isa = XCConfigurationList;
			buildConfigurations = (
				04EFFEB4204E805A008451AE /* Debug */,
				04EFFEB5204E805A008451AE /* Release */,
			);
			defaultConfigurationIsVisible = 0;
			defaultConfigurationName = Release;
		};
		04EFFEB6204E805A008451AE /* Build configuration list for PBXNativeTarget "DemoCoreData" */ = {
			isa = XCConfigurationList;
			buildConfigurations = (
				04EFFEB7204E805A008451AE /* Debug */,
				04EFFEB8204E805A008451AE /* Release */,
			);
			defaultConfigurationIsVisible = 0;
			defaultConfigurationName = Release;
		};
/* End XCConfigurationList section */

/* Begin XCVersionGroup section */
		04EFFEAB204E805A008451AE /* DemoCoreData.xcdatamodeld */ = {
			isa = XCVersionGroup;
			children = (
				04EFFEAC204E805A008451AE /* DemoCoreData.xcdatamodel */,
			);
			currentVersion = 04EFFEAC204E805A008451AE /* DemoCoreData.xcdatamodel */;
			path = DemoCoreData.xcdatamodeld;
			sourceTree = "<group>";
			versionGroupType = wrapper.xcdatamodel;
		};
/* End XCVersionGroup section */
	};
	rootObject = 04EFFE99204E805A008451AE /* Project object */;
}
